{
  "name": "sdk_breakpoints",
  "version": "1.0.0",
  "lockfileVersion": 2,
  "requires": true,
  "packages": {
    "": {
      "name": "sdk_breakpoints",
      "version": "1.0.0",
      "license": "ISC",
      "dependencies": {
        "@icholy/no-ts-breakpoint-bug": "^0.0.2"
      }
    },
    "node_modules/@icholy/no-ts-breakpoint-bug": {
      "version": "0.0.2",
      "resolved": "https://registry.npmjs.org/@icholy/no-ts-breakpoint-bug/-/no-ts-breakpoint-bug-0.0.2.tgz",
      "integrity": "sha512-YMbHXJ1FUPGOz8d1PyBz9tlChC71alTYv0YsD5Tk97C1DaZ4FxX0ZxIqj6M7WHJJby8PnV79oW89ez8Mjt7lRA=="
    }
  },
  "dependencies": {
    "@icholy/no-ts-breakpoint-bug": {
      "version": "0.0.2",
      "resolved": "https://registry.npmjs.org/@icholy/no-ts-breakpoint-bug/-/no-ts-breakpoint-bug-0.0.2.tgz",
      "integrity": "sha512-YMbHXJ1FUPGOz8d1PyBz9tlChC71alTYv0YsD5Tk97C1DaZ4FxX0ZxIqj6M7WHJJby8PnV79oW89ez8Mjt7lRA=="
    }
  }
}
